
Microsoft Visual Studio Solution File, Format Version 12.00
# Visual Studio Version 16
VisualStudioVersion = 16.0.29324.140
MinimumVisualStudioVersion = 10.0.40219.1
Project("{9A19103F-16F7-4668-BE54-9A1E7A4F7556}") = "DotNetCore.CAP.Sqlite", "src\DotNetCore.CAP.Sqlite\DotNetCore.CAP.Sqlite.csproj", "{D49CA8AD-7C76-486C-9AC0-4B6567BF24C1}"
EndProject
Project("{2150E333-8FDC-42A3-9474-1A3956D46DE8}") = "src", "src", "{4A1D2C90-FDAA-483E-B53B-106BD3298C75}"
EndProject
Project("{2150E333-8FDC-42A3-9474-1A3956D46DE8}") = "test", "test", "{814927CB-3ED4-41A5-AFEA-B5984E108FBF}"
EndProject
Project("{9A19103F-16F7-4668-BE54-9A1E7A4F7556}") = "DotNetCore.CAP.Sqlite.Test", "test\DotNetCore.CAP.SqliteTests\DotNetCore.CAP.Sqlite.Test.csproj", "{9F917606-E716-4E9B-8128-F1843B7B5A48}"
EndProject
Global
	GlobalSection(SolutionConfigurationPlatforms) = preSolution
		Debug|Any CPU = Debug|Any CPU
		Release|Any CPU = Release|Any CPU
	EndGlobalSection
	GlobalSection(ProjectConfigurationPlatforms) = postSolution
		{D49CA8AD-7C76-486C-9AC0-4B6567BF24C1}.Debug|Any CPU.ActiveCfg = Debug|Any CPU
		{D49CA8AD-7C76-486C-9AC0-4B6567BF24C1}.Debug|Any CPU.Build.0 = Debug|Any CPU
		{D49CA8AD-7C76-486C-9AC0-4B6567BF24C1}.Release|Any CPU.ActiveCfg = Release|Any CPU
		{D49CA8AD-7C76-486C-9AC0-4B6567BF24C1}.Release|Any CPU.Build.0 = Release|Any CPU
		{9F917606-E716-4E9B-8128-F1843B7B5A48}.Debug|Any CPU.ActiveCfg = Debug|Any CPU
		{9F917606-E716-4E9B-8128-F1843B7B5A48}.Debug|Any CPU.Build.0 = Debug|Any CPU
		{9F917606-E716-4E9B-8128-F1843B7B5A48}.Release|Any CPU.ActiveCfg = Release|Any CPU
		{9F917606-E716-4E9B-8128-F1843B7B5A48}.Release|Any CPU.Build.0 = Release|Any CPU
	EndGlobalSection
	GlobalSection(SolutionProperties) = preSolution
		HideSolutionNode = FALSE
	EndGlobalSection
	GlobalSection(NestedProjects) = preSolution
		{D49CA8AD-7C76-486C-9AC0-4B6567BF24C1} = {4A1D2C90-FDAA-483E-B53B-106BD3298C75}
		{9F917606-E716-4E9B-8128-F1843B7B5A48} = {814927CB-3ED4-41A5-AFEA-B5984E108FBF}
	EndGlobalSection
	GlobalSection(ExtensibilityGlobals) = postSolution
		SolutionGuid = {7CA0BA1E-2B0E-45A5-9B37-66A4DA01EBF8}
	EndGlobalSection
EndGlobal
